
Microsoft Visual Studio Solution File, Format Version 12.00
# Visual Studio Version 17
VisualStudioVersion = 17.4.33110.190
MinimumVisualStudioVersion = 10.0.40219.1
Project("{9092AA53-FB77-4645-B42D-1CCCA6BD08BD}") = "server", "server\server.njsproj", "{4988CCA0-845E-4B41-B404-ED6BF71BD8B5}"
EndProject
Global
	GlobalSection(SolutionConfigurationPlatforms) = preSolution
		Debug|Any CPU = Debug|Any CPU
		Release|Any CPU = Release|Any CPU
	EndGlobalSection
	GlobalSection(ProjectConfigurationPlatforms) = postSolution
		{4988CCA0-845E-4B41-B404-ED6BF71BD8B5}.Debug|Any CPU.ActiveCfg = Debug|Any CPU
		{4988CCA0-845E-4B41-B404-ED6BF71BD8B5}.Debug|Any CPU.Build.0 = Debug|Any CPU
		{4988CCA0-845E-4B41-B404-ED6BF71BD8B5}.Release|Any CPU.ActiveCfg = Release|Any CPU
		{4988CCA0-845E-4B41-B404-ED6BF71BD8B5}.Release|Any CPU.Build.0 = Release|Any CPU
	EndGlobalSection
	GlobalSection(SolutionProperties) = preSolution
		HideSolutionNode = FALSE
	EndGlobalSection
	GlobalSection(ExtensibilityGlobals) = postSolution
		SolutionGuid = {B34F95E9-0AD2-48B5-92C1-9D2469D508F4}
	EndGlobalSection
EndGlobal
