
Microsoft Visual Studio Solution File, Format Version 12.00
# Visual Studio Version 17
VisualStudioVersion = 17.4.33110.190
MinimumVisualStudioVersion = 10.0.40219.1
Project("{54A90642-561A-4BB1-A94E-469ADEE60C69}") = "client", "client\client.esproj", "{37C7A501-E363-41A0-A6A0-4C1621FA65F9}"
EndProject
Global
	GlobalSection(SolutionConfigurationPlatforms) = preSolution
		Debug|Any CPU = Debug|Any CPU
		Release|Any CPU = Release|Any CPU
	EndGlobalSection
	GlobalSection(ProjectConfigurationPlatforms) = postSolution
		{37C7A501-E363-41A0-A6A0-4C1621FA65F9}.Debug|Any CPU.ActiveCfg = Debug|Any CPU
		{37C7A501-E363-41A0-A6A0-4C1621FA65F9}.Debug|Any CPU.Build.0 = Debug|Any CPU
		{37C7A501-E363-41A0-A6A0-4C1621FA65F9}.Debug|Any CPU.Deploy.0 = Debug|Any CPU
		{37C7A501-E363-41A0-A6A0-4C1621FA65F9}.Release|Any CPU.ActiveCfg = Release|Any CPU
		{37C7A501-E363-41A0-A6A0-4C1621FA65F9}.Release|Any CPU.Build.0 = Release|Any CPU
		{37C7A501-E363-41A0-A6A0-4C1621FA65F9}.Release|Any CPU.Deploy.0 = Release|Any CPU
	EndGlobalSection
	GlobalSection(SolutionProperties) = preSolution
		HideSolutionNode = FALSE
	EndGlobalSection
	GlobalSection(ExtensibilityGlobals) = postSolution
		SolutionGuid = {EC686E8D-A91C-4109-96B7-95E5D8F7B6BF}
	EndGlobalSection
EndGlobal
